// !$*UTF8*$!
{
	archiveVersion = 1;
	classes = {
	};
	objectVersion = 46;
	objects = {

/* Begin PBXBuildFile section */
		73BDEA741D95B35A00B98625 /* AppDelegate.swift in Sources */ = {isa = PBXBuildFile; fileRef = 73BDEA731D95B35A00B98625 /* AppDelegate.swift */; };
		73BDEA761D95B35A00B98625 /* ViewController.swift in Sources */ = {isa = PBXBuildFile; fileRef = 73BDEA751D95B35A00B98625 /* ViewController.swift */; };
		73BDEA791D95B35A00B98625 /* Main.storyboard in Resources */ = {isa = PBXBuildFile; fileRef = 73BDEA771D95B35A00B98625 /* Main.storyboard */; };
		73BDEA7B1D95B35A00B98625 /* Assets.xcassets in Resources */ = {isa = PBXBuildFile; fileRef = 73BDEA7A1D95B35A00B98625 /* Assets.xcassets */; };
		73BDEA7E1D95B35A00B98625 /* LaunchScreen.storyboard in Resources */ = {isa = PBXBuildFile; fileRef = 73BDEA7C1D95B35A00B98625 /* LaunchScreen.storyboard */; };
		73BDEAAA1D95BD1500B98625 /* estonia.png in Resources */ = {isa = PBXBuildFile; fileRef = 73BDEA861D95BD1500B98625 /* estonia.png */; };
		73BDEAAB1D95BD1500B98625 /* estonia@2x.png in Resources */ = {isa = PBXBuildFile; fileRef = 73BDEA871D95BD1500B98625 /* estonia@2x.png */; };
		73BDEAAC1D95BD1500B98625 /* estonia@3x.png in Resources */ = {isa = PBXBuildFile; fileRef = 73BDEA881D95BD1500B98625 /* estonia@3x.png */; };
		73BDEAAD1D95BD1500B98625 /* france.png in Resources */ = {isa = PBXBuildFile; fileRef = 73BDEA891D95BD1500B98625 /* france.png */; };
		73BDEAAE1D95BD1500B98625 /* france@2x.png in Resources */ = {isa = PBXBuildFile; fileRef = 73BDEA8A1D95BD1500B98625 /* france@2x.png */; };
		73BDEAAF1D95BD1500B98625 /* france@3x.png in Resources */ = {isa = PBXBuildFile; fileRef = 73BDEA8B1D95BD1500B98625 /* france@3x.png */; };
		73BDEAB01D95BD1500B98625 /* germany.png in Resources */ = {isa = PBXBuildFile; fileRef = 73BDEA8C1D95BD1500B98625 /* germany.png */; };
		73BDEAB11D95BD1500B98625 /* germany@2x.png in Resources */ = {isa = PBXBuildFile; fileRef = 73BDEA8D1D95BD1500B98625 /* germany@2x.png */; };
		73BDEAB21D95BD1500B98625 /* germany@3x.png in Resources */ = {isa = PBXBuildFile; fileRef = 73BDEA8E1D95BD1500B98625 /* germany@3x.png */; };
		73BDEAB31D95BD1500B98625 /* ireland.png in Resources */ = {isa = PBXBuildFile; fileRef = 73BDEA8F1D95BD1500B98625 /* ireland.png */; };
		73BDEAB41D95BD1500B98625 /* ireland@2x.png in Resources */ = {isa = PBXBuildFile; fileRef = 73BDEA901D95BD1500B98625 /* ireland@2x.png */; };
		73BDEAB51D95BD1500B98625 /* ireland@3x.png in Resources */ = {isa = PBXBuildFile; fileRef = 73BDEA911D95BD1500B98625 /* ireland@3x.png */; };
		73BDEAB61D95BD1500B98625 /* italy.png in Resources */ = {isa = PBXBuildFile; fileRef = 73BDEA921D95BD1500B98625 /* italy.png */; };
		73BDEAB71D95BD1500B98625 /* italy@2x.png in Resources */ = {isa = PBXBuildFile; fileRef = 73BDEA931D95BD1500B98625 /* italy@2x.png */; };
		73BDEAB81D95BD1500B98625 /* italy@3x.png in Resources */ = {isa = PBXBuildFile; fileRef = 73BDEA941D95BD1500B98625 /* italy@3x.png */; };
		73BDEAB91D95BD1500B98625 /* monaco.png in Resources */ = {isa = PBXBuildFile; fileRef = 73BDEA951D95BD1500B98625 /* monaco.png */; };
		73BDEABA1D95BD1500B98625 /* monaco@2x.png in Resources */ = {isa = PBXBuildFile; fileRef = 73BDEA961D95BD1500B98625 /* monaco@2x.png */; };
		73BDEABB1D95BD1500B98625 /* monaco@3x.png in Resources */ = {isa = PBXBuildFile; fileRef = 73BDEA971D95BD1500B98625 /* monaco@3x.png */; };
		73BDEABC1D95BD1500B98625 /* nigeria.png in Resources */ = {isa = PBXBuildFile; fileRef = 73BDEA981D95BD1500B98625 /* nigeria.png */; };
		73BDEABD1D95BD1500B98625 /* nigeria@2x.png in Resources */ = {isa = PBXBuildFile; fileRef = 73BDEA991D95BD1500B98625 /* nigeria@2x.png */; };
		73BDEABE1D95BD1500B98625 /* nigeria@3x.png in Resources */ = {isa = PBXBuildFile; fileRef = 73BDEA9A1D95BD1500B98625 /* nigeria@3x.png */; };
		73BDEABF1D95BD1500B98625 /* poland.png in Resources */ = {isa = PBXBuildFile; fileRef = 73BDEA9B1D95BD1500B98625 /* poland.png */; };
		73BDEAC01D95BD1500B98625 /* poland@2x.png in Resources */ = {isa = PBXBuildFile; fileRef = 73BDEA9C1D95BD1500B98625 /* poland@2x.png */; };
		73BDEAC11D95BD1500B98625 /* poland@3x.png in Resources */ = {isa = PBXBuildFile; fileRef = 73BDEA9D1D95BD1500B98625 /* poland@3x.png */; };
		73BDEAC21D95BD1500B98625 /* russia.png in Resources */ = {isa = PBXBuildFile; fileRef = 73BDEA9E1D95BD1500B98625 /* russia.png */; };
		73BDEAC31D95BD1500B98625 /* russia@2x.png in Resources */ = {isa = PBXBuildFile; fileRef = 73BDEA9F1D95BD1500B98625 /* russia@2x.png */; };
		73BDEAC41D95BD1500B98625 /* russia@3x.png in Resources */ = {isa = PBXBuildFile; fileRef = 73BDEAA01D95BD1500B98625 /* russia@3x.png */; };
		73BDEAC51D95BD1500B98625 /* spain.png in Resources */ = {isa = PBXBuildFile; fileRef = 73BDEAA11D95BD1500B98625 /* spain.png */; };
		73BDEAC61D95BD1500B98625 /* spain@2x.png in Resources */ = {isa = PBXBuildFile; fileRef = 73BDEAA21D95BD1500B98625 /* spain@2x.png */; };
		73BDEAC71D95BD1500B98625 /* spain@3x.png in Resources */ = {isa = PBXBuildFile; fileRef = 73BDEAA31D95BD1500B98625 /* spain@3x.png */; };
		73BDEAC81D95BD1500B98625 /* uk.png in Resources */ = {isa = PBXBuildFile; fileRef = 73BDEAA41D95BD1500B98625 /* uk.png */; };
		73BDEAC91D95BD1500B98625 /* uk@2x.png in Resources */ = {isa = PBXBuildFile; fileRef = 73BDEAA51D95BD1500B98625 /* uk@2x.png */; };
		73BDEACA1D95BD1500B98625 /* uk@3x.png in Resources */ = {isa = PBXBuildFile; fileRef = 73BDEAA61D95BD1500B98625 /* uk@3x.png */; };
		73BDEACB1D95BD1500B98625 /* us.png in Resources */ = {isa = PBXBuildFile; fileRef = 73BDEAA71D95BD1500B98625 /* us.png */; };
		73BDEACC1D95BD1500B98625 /* us@2x.png in Resources */ = {isa = PBXBuildFile; fileRef = 73BDEAA81D95BD1500B98625 /* us@2x.png */; };
		73BDEACD1D95BD1500B98625 /* us@3x.png in Resources */ = {isa = PBXBuildFile; fileRef = 73BDEAA91D95BD1500B98625 /* us@3x.png */; };
/* End PBXBuildFile section */

/* Begin PBXFileReference section */
		73BDEA701D95B35A00B98625 /* Guess the Flag.app */ = {isa = PBXFileReference; explicitFileType = wrapper.application; includeInIndex = 0; path = "Guess the Flag.app"; sourceTree = BUILT_PRODUCTS_DIR; };
		73BDEA731D95B35A00B98625 /* AppDelegate.swift */ = {isa = PBXFileReference; lastKnownFileType = sourcecode.swift; path = AppDelegate.swift; sourceTree = "<group>"; };
		73BDEA751D95B35A00B98625 /* ViewController.swift */ = {isa = PBXFileReference; lastKnownFileType = sourcecode.swift; path = ViewController.swift; sourceTree = "<group>"; };
		73BDEA781D95B35A00B98625 /* Base */ = {isa = PBXFileReference; lastKnownFileType = file.storyboard; name = Base; path = Base.lproj/Main.storyboard; sourceTree = "<group>"; };
		73BDEA7A1D95B35A00B98625 /* Assets.xcassets */ = {isa = PBXFileReference; lastKnownFileType = folder.assetcatalog; path = Assets.xcassets; sourceTree = "<group>"; };
		73BDEA7D1D95B35A00B98625 /* Base */ = {isa = PBXFileReference; lastKnownFileType = file.storyboard; name = Base; path = Base.lproj/LaunchScreen.storyboard; sourceTree = "<group>"; };
		73BDEA7F1D95B35A00B98625 /* Info.plist */ = {isa = PBXFileReference; lastKnownFileType = text.plist.xml; path = Info.plist; sourceTree = "<group>"; };
		73BDEA861D95BD1500B98625 /* estonia.png */ = {isa = PBXFileReference; lastKnownFileType = image.png; path = estonia.png; sourceTree = "<group>"; };
		73BDEA871D95BD1500B98625 /* estonia@2x.png */ = {isa = PBXFileReference; lastKnownFileType = image.png; path = "estonia@2x.png"; sourceTree = "<group>"; };
		73BDEA881D95BD1500B98625 /* estonia@3x.png */ = {isa = PBXFileReference; lastKnownFileType = image.png; path = "estonia@3x.png"; sourceTree = "<group>"; };
		73BDEA891D95BD1500B98625 /* france.png */ = {isa = PBXFileReference; lastKnownFileType = image.png; path = france.png; sourceTree = "<group>"; };
		73BDEA8A1D95BD1500B98625 /* france@2x.png */ = {isa = PBXFileReference; lastKnownFileType = image.png; path = "france@2x.png"; sourceTree = "<group>"; };
		73BDEA8B1D95BD1500B98625 /* france@3x.png */ = {isa = PBXFileReference; lastKnownFileType = image.png; path = "france@3x.png"; sourceTree = "<group>"; };
		73BDEA8C1D95BD1500B98625 /* germany.png */ = {isa = PBXFileReference; lastKnownFileType = image.png; path = germany.png; sourceTree = "<group>"; };
		73BDEA8D1D95BD1500B98625 /* germany@2x.png */ = {isa = PBXFileReference; lastKnownFileType = image.png; path = "germany@2x.png"; sourceTree = "<group>"; };
		73BDEA8E1D95BD1500B98625 /* germany@3x.png */ = {isa = PBXFileReference; lastKnownFileType = image.png; path = "germany@3x.png"; sourceTree = "<group>"; };
		73BDEA8F1D95BD1500B98625 /* ireland.png */ = {isa = PBXFileReference; lastKnownFileType = image.png; path = ireland.png; sourceTree = "<group>"; };
		73BDEA901D95BD1500B98625 /* ireland@2x.png */ = {isa = PBXFileReference; lastKnownFileType = image.png; path = "ireland@2x.png"; sourceTree = "<group>"; };
		73BDEA911D95BD1500B98625 /* ireland@3x.png */ = {isa = PBXFileReference; lastKnownFileType = image.png; path = "ireland@3x.png"; sourceTree = "<group>"; };
		73BDEA921D95BD1500B98625 /* italy.png */ = {isa = PBXFileReference; lastKnownFileType = image.png; path = italy.png; sourceTree = "<group>"; };
		73BDEA931D95BD1500B98625 /* italy@2x.png */ = {isa = PBXFileReference; lastKnownFileType = image.png; path = "italy@2x.png"; sourceTree = "<group>"; };
		73BDEA941D95BD1500B98625 /* italy@3x.png */ = {isa = PBXFileReference; lastKnownFileType = image.png; path = "italy@3x.png"; sourceTree = "<group>"; };
		73BDEA951D95BD1500B98625 /* monaco.png */ = {isa = PBXFileReference; lastKnownFileType = image.png; path = monaco.png; sourceTree = "<group>"; };
		73BDEA961D95BD1500B98625 /* monaco@2x.png */ = {isa = PBXFileReference; lastKnownFileType = image.png; path = "monaco@2x.png"; sourceTree = "<group>"; };
		73BDEA971D95BD1500B98625 /* monaco@3x.png */ = {isa = PBXFileReference; lastKnownFileType = image.png; path = "monaco@3x.png"; sourceTree = "<group>"; };
		73BDEA981D95BD1500B98625 /* nigeria.png */ = {isa = PBXFileReference; lastKnownFileType = image.png; path = nigeria.png; sourceTree = "<group>"; };
		73BDEA991D95BD1500B98625 /* nigeria@2x.png */ = {isa = PBXFileReference; lastKnownFileType = image.png; path = "nigeria@2x.png"; sourceTree = "<group>"; };
		73BDEA9A1D95BD1500B98625 /* nigeria@3x.png */ = {isa = PBXFileReference; lastKnownFileType = image.png; path = "nigeria@3x.png"; sourceTree = "<group>"; };
		73BDEA9B1D95BD1500B98625 /* poland.png */ = {isa = PBXFileReference; lastKnownFileType = image.png; path = poland.png; sourceTree = "<group>"; };
		73BDEA9C1D95BD1500B98625 /* poland@2x.png */ = {isa = PBXFileReference; lastKnownFileType = image.png; path = "poland@2x.png"; sourceTree = "<group>"; };
		73BDEA9D1D95BD1500B98625 /* poland@3x.png */ = {isa = PBXFileReference; lastKnownFileType = image.png; path = "poland@3x.png"; sourceTree = "<group>"; };
		73BDEA9E1D95BD1500B98625 /* russia.png */ = {isa = PBXFileReference; lastKnownFileType = image.png; path = russia.png; sourceTree = "<group>"; };
		73BDEA9F1D95BD1500B98625 /* russia@2x.png */ = {isa = PBXFileReference; lastKnownFileType = image.png; path = "russia@2x.png"; sourceTree = "<group>"; };
		73BDEAA01D95BD1500B98625 /* russia@3x.png */ = {isa = PBXFileReference; lastKnownFileType = image.png; path = "russia@3x.png"; sourceTree = "<group>"; };
		73BDEAA11D95BD1500B98625 /* spain.png */ = {isa = PBXFileReference; lastKnownFileType = image.png; path = spain.png; sourceTree = "<group>"; };
		73BDEAA21D95BD1500B98625 /* spain@2x.png */ = {isa = PBXFileReference; lastKnownFileType = image.png; path = "spain@2x.png"; sourceTree = "<group>"; };
		73BDEAA31D95BD1500B98625 /* spain@3x.png */ = {isa = PBXFileReference; lastKnownFileType = image.png; path = "spain@3x.png"; sourceTree = "<group>"; };
		73BDEAA41D95BD1500B98625 /* uk.png */ = {isa = PBXFileReference; lastKnownFileType = image.png; path = uk.png; sourceTree = "<group>"; };
		73BDEAA51D95BD1500B98625 /* uk@2x.png */ = {isa = PBXFileReference; lastKnownFileType = image.png; path = "uk@2x.png"; sourceTree = "<group>"; };
		73BDEAA61D95BD1500B98625 /* uk@3x.png */ = {isa = PBXFileReference; lastKnownFileType = image.png; path = "uk@3x.png"; sourceTree = "<group>"; };
		73BDEAA71D95BD1500B98625 /* us.png */ = {isa = PBXFileReference; lastKnownFileType = image.png; path = us.png; sourceTree = "<group>"; };
		73BDEAA81D95BD1500B98625 /* us@2x.png */ = {isa = PBXFileReference; lastKnownFileType = image.png; path = "us@2x.png"; sourceTree = "<group>"; };
		73BDEAA91D95BD1500B98625 /* us@3x.png */ = {isa = PBXFileReference; lastKnownFileType = image.png; path = "us@3x.png"; sourceTree = "<group>"; };
/* End PBXFileReference section */

/* Begin PBXFrameworksBuildPhase section */
		73BDEA6D1D95B35900B98625 /* Frameworks */ = {
			isa = PBXFrameworksBuildPhase;
			buildActionMask = 2147483647;
			files = (
			);
			runOnlyForDeploymentPostprocessing = 0;
		};
/* End PBXFrameworksBuildPhase section */

/* Begin PBXGroup section */
		73BDEA671D95B35900B98625 = {
			isa = PBXGroup;
			children = (
				73BDEA721D95B35A00B98625 /* Guess the Flag */,
				73BDEA711D95B35A00B98625 /* Products */,
			);
			sourceTree = "<group>";
		};
		73BDEA711D95B35A00B98625 /* Products */ = {
			isa = PBXGroup;
			children = (
				73BDEA701D95B35A00B98625 /* Guess the Flag.app */,
			);
			name = Products;
			sourceTree = "<group>";
		};
		73BDEA721D95B35A00B98625 /* Guess the Flag */ = {
			isa = PBXGroup;
			children = (
				73BDEA731D95B35A00B98625 /* AppDelegate.swift */,
				73BDEA751D95B35A00B98625 /* ViewController.swift */,
				73BDEA771D95B35A00B98625 /* Main.storyboard */,
				73BDEA7A1D95B35A00B98625 /* Assets.xcassets */,
				73BDEA7C1D95B35A00B98625 /* LaunchScreen.storyboard */,
				73BDEA7F1D95B35A00B98625 /* Info.plist */,
				73BDEA851D95BD1500B98625 /* Content */,
			);
			path = "Guess the Flag";
			sourceTree = "<group>";
		};
		73BDEA851D95BD1500B98625 /* Content */ = {
			isa = PBXGroup;
			children = (
				73BDEA861D95BD1500B98625 /* estonia.png */,
				73BDEA871D95BD1500B98625 /* estonia@2x.png */,
				73BDEA881D95BD1500B98625 /* estonia@3x.png */,
				73BDEA891D95BD1500B98625 /* france.png */,
				73BDEA8A1D95BD1500B98625 /* france@2x.png */,
				73BDEA8B1D95BD1500B98625 /* france@3x.png */,
				73BDEA8C1D95BD1500B98625 /* germany.png */,
				73BDEA8D1D95BD1500B98625 /* germany@2x.png */,
				73BDEA8E1D95BD1500B98625 /* germany@3x.png */,
				73BDEA8F1D95BD1500B98625 /* ireland.png */,
				73BDEA901D95BD1500B98625 /* ireland@2x.png */,
				73BDEA911D95BD1500B98625 /* ireland@3x.png */,
				73BDEA921D95BD1500B98625 /* italy.png */,
				73BDEA931D95BD1500B98625 /* italy@2x.png */,
				73BDEA941D95BD1500B98625 /* italy@3x.png */,
				73BDEA951D95BD1500B98625 /* monaco.png */,
				73BDEA961D95BD1500B98625 /* monaco@2x.png */,
				73BDEA971D95BD1500B98625 /* monaco@3x.png */,
				73BDEA981D95BD1500B98625 /* nigeria.png */,
				73BDEA991D95BD1500B98625 /* nigeria@2x.png */,
				73BDEA9A1D95BD1500B98625 /* nigeria@3x.png */,
				73BDEA9B1D95BD1500B98625 /* poland.png */,
				73BDEA9C1D95BD1500B98625 /* poland@2x.png */,
				73BDEA9D1D95BD1500B98625 /* poland@3x.png */,
				73BDEA9E1D95BD1500B98625 /* russia.png */,
				73BDEA9F1D95BD1500B98625 /* russia@2x.png */,
				73BDEAA01D95BD1500B98625 /* russia@3x.png */,
				73BDEAA11D95BD1500B98625 /* spain.png */,
				73BDEAA21D95BD1500B98625 /* spain@2x.png */,
				73BDEAA31D95BD1500B98625 /* spain@3x.png */,
				73BDEAA41D95BD1500B98625 /* uk.png */,
				73BDEAA51D95BD1500B98625 /* uk@2x.png */,
				73BDEAA61D95BD1500B98625 /* uk@3x.png */,
				73BDEAA71D95BD1500B98625 /* us.png */,
				73BDEAA81D95BD1500B98625 /* us@2x.png */,
				73BDEAA91D95BD1500B98625 /* us@3x.png */,
			);
			path = Content;
			sourceTree = "<group>";
		};
/* End PBXGroup section */

/* Begin PBXNativeTarget section */
		73BDEA6F1D95B35900B98625 /* Guess the Flag */ = {
			isa = PBXNativeTarget;
			buildConfigurationList = 73BDEA821D95B35A00B98625 /* Build configuration list for PBXNativeTarget "Guess the Flag" */;
			buildPhases = (
				73BDEA6C1D95B35900B98625 /* Sources */,
				73BDEA6D1D95B35900B98625 /* Frameworks */,
				73BDEA6E1D95B35900B98625 /* Resources */,
			);
			buildRules = (
			);
			dependencies = (
			);
			name = "Guess the Flag";
			productName = "Guess the Flag";
			productReference = 73BDEA701D95B35A00B98625 /* Guess the Flag.app */;
			productType = "com.apple.product-type.application";
		};
/* End PBXNativeTarget section */

/* Begin PBXProject section */
		73BDEA681D95B35900B98625 /* Project object */ = {
			isa = PBXProject;
			attributes = {
				LastSwiftUpdateCheck = 0800;
				LastUpgradeCheck = 0800;
				ORGANIZATIONNAME = "Andre Dias";
				TargetAttributes = {
					73BDEA6F1D95B35900B98625 = {
						CreatedOnToolsVersion = 8.0;
						DevelopmentTeam = C2Z9K594GA;
						ProvisioningStyle = Automatic;
					};
				};
			};
			buildConfigurationList = 73BDEA6B1D95B35900B98625 /* Build configuration list for PBXProject "Guess the Flag" */;
			compatibilityVersion = "Xcode 3.2";
			developmentRegion = English;
			hasScannedForEncodings = 0;
			knownRegions = (
				en,
				Base,
			);
			mainGroup = 73BDEA671D95B35900B98625;
			productRefGroup = 73BDEA711D95B35A00B98625 /* Products */;
			projectDirPath = "";
			projectRoot = "";
			targets = (
				73BDEA6F1D95B35900B98625 /* Guess the Flag */,
			);
		};
/* End PBXProject section */

/* Begin PBXResourcesBuildPhase section */
		73BDEA6E1D95B35900B98625 /* Resources */ = {
			isa = PBXResourcesBuildPhase;
			buildActionMask = 2147483647;
			files = (
				73BDEACC1D95BD1500B98625 /* us@2x.png in Resources */,
				73BDEAB31D95BD1500B98625 /* ireland.png in Resources */,
				73BDEAAB1D95BD1500B98625 /* estonia@2x.png in Resources */,
				73BDEAC01D95BD1500B98625 /* poland@2x.png in Resources */,
				73BDEAC91D95BD1500B98625 /* uk@2x.png in Resources */,
				73BDEAAE1D95BD1500B98625 /* france@2x.png in Resources */,
				73BDEACD1D95BD1500B98625 /* us@3x.png in Resources */,
				73BDEAC61D95BD1500B98625 /* spain@2x.png in Resources */,
				73BDEAC21D95BD1500B98625 /* russia.png in Resources */,
				73BDEABA1D95BD1500B98625 /* monaco@2x.png in Resources */,
				73BDEAC11D95BD1500B98625 /* poland@3x.png in Resources */,
				73BDEAB81D95BD1500B98625 /* italy@3x.png in Resources */,
				73BDEAC51D95BD1500B98625 /* spain.png in Resources */,
				73BDEABD1D95BD1500B98625 /* nigeria@2x.png in Resources */,
				73BDEAC81D95BD1500B98625 /* uk.png in Resources */,
				73BDEA7E1D95B35A00B98625 /* LaunchScreen.storyboard in Resources */,
				73BDEAC31D95BD1500B98625 /* russia@2x.png in Resources */,
				73BDEACA1D95BD1500B98625 /* uk@3x.png in Resources */,
				73BDEAB41D95BD1500B98625 /* ireland@2x.png in Resources */,
				73BDEAB21D95BD1500B98625 /* germany@3x.png in Resources */,
				73BDEAAD1D95BD1500B98625 /* france.png in Resources */,
				73BDEAAA1D95BD1500B98625 /* estonia.png in Resources */,
				73BDEAB51D95BD1500B98625 /* ireland@3x.png in Resources */,
				73BDEAB91D95BD1500B98625 /* monaco.png in Resources */,
				73BDEACB1D95BD1500B98625 /* us.png in Resources */,
				73BDEAAF1D95BD1500B98625 /* france@3x.png in Resources */,
				73BDEAB71D95BD1500B98625 /* italy@2x.png in Resources */,
				73BDEA7B1D95B35A00B98625 /* Assets.xcassets in Resources */,
				73BDEABB1D95BD1500B98625 /* monaco@3x.png in Resources */,
				73BDEA791D95B35A00B98625 /* Main.storyboard in Resources */,
				73BDEAAC1D95BD1500B98625 /* estonia@3x.png in Resources */,
				73BDEABE1D95BD1500B98625 /* nigeria@3x.png in Resources */,
				73BDEAB11D95BD1500B98625 /* germany@2x.png in Resources */,
				73BDEABF1D95BD1500B98625 /* poland.png in Resources */,
				73BDEAB01D95BD1500B98625 /* germany.png in Resources */,
				73BDEAB61D95BD1500B98625 /* italy.png in Resources */,
				73BDEAC41D95BD1500B98625 /* russia@3x.png in Resources */,
				73BDEAC71D95BD1500B98625 /* spain@3x.png in Resources */,
				73BDEABC1D95BD1500B98625 /* nigeria.png in Resources */,
			);
			runOnlyForDeploymentPostprocessing = 0;
		};
/* End PBXResourcesBuildPhase section */

/* Begin PBXSourcesBuildPhase section */
		73BDEA6C1D95B35900B98625 /* Sources */ = {
			isa = PBXSourcesBuildPhase;
			buildActionMask = 2147483647;
			files = (
				73BDEA761D95B35A00B98625 /* ViewController.swift in Sources */,
				73BDEA741D95B35A00B98625 /* AppDelegate.swift in Sources */,
			);
			runOnlyForDeploymentPostprocessing = 0;
		};
/* End PBXSourcesBuildPhase section */

/* Begin PBXVariantGroup section */
		73BDEA771D95B35A00B98625 /* Main.storyboard */ = {
			isa = PBXVariantGroup;
			children = (
				73BDEA781D95B35A00B98625 /* Base */,
			);
			name = Main.storyboard;
			sourceTree = "<group>";
		};
		73BDEA7C1D95B35A00B98625 /* LaunchScreen.storyboard */ = {
			isa = PBXVariantGroup;
			children = (
				73BDEA7D1D95B35A00B98625 /* Base */,
			);
			name = LaunchScreen.storyboard;
			sourceTree = "<group>";
		};
/* End PBXVariantGroup section */

/* Begin XCBuildConfiguration section */
		73BDEA801D95B35A00B98625 /* Debug */ = {
			isa = XCBuildConfiguration;
			buildSettings = {
				ALWAYS_SEARCH_USER_PATHS = NO;
				CLANG_ANALYZER_NONNULL = YES;
				CLANG_CXX_LANGUAGE_STANDARD = "gnu++0x";
				CLANG_CXX_LIBRARY = "libc++";
				CLANG_ENABLE_MODULES = YES;
				CLANG_ENABLE_OBJC_ARC = YES;
				CLANG_WARN_BOOL_CONVERSION = YES;
				CLANG_WARN_CONSTANT_CONVERSION = YES;
				CLANG_WARN_DIRECT_OBJC_ISA_USAGE = YES_ERROR;
				CLANG_WARN_DOCUMENTATION_COMMENTS = YES;
				CLANG_WARN_EMPTY_BODY = YES;
				CLANG_WARN_ENUM_CONVERSION = YES;
				CLANG_WARN_INFINITE_RECURSION = YES;
				CLANG_WARN_INT_CONVERSION = YES;
				CLANG_WARN_OBJC_ROOT_CLASS = YES_ERROR;
				CLANG_WARN_SUSPICIOUS_MOVES = YES;
				CLANG_WARN_UNREACHABLE_CODE = YES;
				CLANG_WARN__DUPLICATE_METHOD_MATCH = YES;
				"CODE_SIGN_IDENTITY[sdk=iphoneos*]" = "iPhone Developer";
				COPY_PHASE_STRIP = NO;
				DEBUG_INFORMATION_FORMAT = dwarf;
				ENABLE_STRICT_OBJC_MSGSEND = YES;
				ENABLE_TESTABILITY = YES;
				GCC_C_LANGUAGE_STANDARD = gnu99;
				GCC_DYNAMIC_NO_PIC = NO;
				GCC_NO_COMMON_BLOCKS = YES;
				GCC_OPTIMIZATION_LEVEL = 0;
				GCC_PREPROCESSOR_DEFINITIONS = (
					"DEBUG=1",
					"$(inherited)",
				);
				GCC_WARN_64_TO_32_BIT_CONVERSION = YES;
				GCC_WARN_ABOUT_RETURN_TYPE = YES_ERROR;
				GCC_WARN_UNDECLARED_SELECTOR = YES;
				GCC_WARN_UNINITIALIZED_AUTOS = YES_AGGRESSIVE;
				GCC_WARN_UNUSED_FUNCTION = YES;
				GCC_WARN_UNUSED_VARIABLE = YES;
				IPHONEOS_DEPLOYMENT_TARGET = 10.0;
				MTL_ENABLE_DEBUG_INFO = YES;
				ONLY_ACTIVE_ARCH = YES;
				SDKROOT = iphoneos;
				SWIFT_ACTIVE_COMPILATION_CONDITIONS = DEBUG;
				SWIFT_OPTIMIZATION_LEVEL = "-Onone";
			};
			name = Debug;
		};
		73BDEA811D95B35A00B98625 /* Release */ = {
			isa = XCBuildConfiguration;
			buildSettings = {
				ALWAYS_SEARCH_USER_PATHS = NO;
				CLANG_ANALYZER_NONNULL = YES;
				CLANG_CXX_LANGUAGE_STANDARD = "gnu++0x";
				CLANG_CXX_LIBRARY = "libc++";
				CLANG_ENABLE_MODULES = YES;
				CLANG_ENABLE_OBJC_ARC = YES;
				CLANG_WARN_BOOL_CONVERSION = YES;
				CLANG_WARN_CONSTANT_CONVERSION = YES;
				CLANG_WARN_DIRECT_OBJC_ISA_USAGE = YES_ERROR;
				CLANG_WARN_DOCUMENTATION_COMMENTS = YES;
				CLANG_WARN_EMPTY_BODY = YES;
				CLANG_WARN_ENUM_CONVERSION = YES;
				CLANG_WARN_INFINITE_RECURSION = YES;
				CLANG_WARN_INT_CONVERSION = YES;
				CLANG_WARN_OBJC_ROOT_CLASS = YES_ERROR;
				CLANG_WARN_SUSPICIOUS_MOVES = YES;
				CLANG_WARN_UNREACHABLE_CODE = YES;
				CLANG_WARN__DUPLICATE_METHOD_MATCH = YES;
				"CODE_SIGN_IDENTITY[sdk=iphoneos*]" = "iPhone Developer";
				COPY_PHASE_STRIP = NO;
				DEBUG_INFORMATION_FORMAT = "dwarf-with-dsym";
				ENABLE_NS_ASSERTIONS = NO;
				ENABLE_STRICT_OBJC_MSGSEND = YES;
				GCC_C_LANGUAGE_STANDARD = gnu99;
				GCC_NO_COMMON_BLOCKS = YES;
				GCC_WARN_64_TO_32_BIT_CONVERSION = YES;
				GCC_WARN_ABOUT_RETURN_TYPE = YES_ERROR;
				GCC_WARN_UNDECLARED_SELECTOR = YES;
				GCC_WARN_UNINITIALIZED_AUTOS = YES_AGGRESSIVE;
				GCC_WARN_UNUSED_FUNCTION = YES;
				GCC_WARN_UNUSED_VARIABLE = YES;
				IPHONEOS_DEPLOYMENT_TARGET = 10.0;
				MTL_ENABLE_DEBUG_INFO = NO;
				SDKROOT = iphoneos;
				SWIFT_OPTIMIZATION_LEVEL = "-Owholemodule";
				VALIDATE_PRODUCT = YES;
			};
			name = Release;
		};
		73BDEA831D95B35A00B98625 /* Debug */ = {
			isa = XCBuildConfiguration;
			buildSettings = {
				ASSETCATALOG_COMPILER_APPICON_NAME = AppIcon;
				DEVELOPMENT_TEAM = C2Z9K594GA;
				INFOPLIST_FILE = "Guess the Flag/Info.plist";
				IPHONEOS_DEPLOYMENT_TARGET = 9.3;
				LD_RUNPATH_SEARCH_PATHS = "$(inherited) @executable_path/Frameworks";
				PRODUCT_BUNDLE_IDENTIFIER = "concretesolutions.Guess-the-Flag";
				PRODUCT_NAME = "$(TARGET_NAME)";
				SWIFT_VERSION = 3.0;
			};
			name = Debug;
		};
		73BDEA841D95B35A00B98625 /* Release */ = {
			isa = XCBuildConfiguration;
			buildSettings = {
				ASSETCATALOG_COMPILER_APPICON_NAME = AppIcon;
				DEVELOPMENT_TEAM = C2Z9K594GA;
				INFOPLIST_FILE = "Guess the Flag/Info.plist";
				IPHONEOS_DEPLOYMENT_TARGET = 9.3;
				LD_RUNPATH_SEARCH_PATHS = "$(inherited) @executable_path/Frameworks";
				PRODUCT_BUNDLE_IDENTIFIER = "concretesolutions.Guess-the-Flag";
				PRODUCT_NAME = "$(TARGET_NAME)";
				SWIFT_VERSION = 3.0;
			};
			name = Release;
		};
/* End XCBuildConfiguration section */

/* Begin XCConfigurationList section */
		73BDEA6B1D95B35900B98625 /* Build configuration list for PBXProject "Guess the Flag" */ = {
			isa = XCConfigurationList;
			buildConfigurations = (
				73BDEA801D95B35A00B98625 /* Debug */,
				73BDEA811D95B35A00B98625 /* Release */,
			);
			defaultConfigurationIsVisible = 0;
			defaultConfigurationName = Release;
		};
		73BDEA821D95B35A00B98625 /* Build configuration list for PBXNativeTarget "Guess the Flag" */ = {
			isa = XCConfigurationList;
			buildConfigurations = (
				73BDEA831D95B35A00B98625 /* Debug */,
				73BDEA841D95B35A00B98625 /* Release */,
			);
			defaultConfigurationIsVisible = 0;
		};
/* End XCConfigurationList section */
	};
	rootObject = 73BDEA681D95B35900B98625 /* Project object */;
}
